
Microsoft Visual Studio Solution File, Format Version 12.00
# Visual Studio 2013
VisualStudioVersion = 12.0.20617.1 PREVIEW
MinimumVisualStudioVersion = 10.0.40219.1
Project("{FAE04EC0-301F-11D3-BF4B-00C04F79EFBC}") = "Journeys.Domain", "Journeys.Domain\Journeys.Domain.csproj", "{7BA6E88B-4158-462A-9394-EC312D67306A}"
EndProject
Project("{FAE04EC0-301F-11D3-BF4B-00C04F79EFBC}") = "Journeys.Domain.Test", "Journeys.Domain.Test\Journeys.Domain.Test.csproj", "{0867E115-6B32-4CE5-8091-9DF005C088EF}"
EndProject
Project("{FAE04EC0-301F-11D3-BF4B-00C04F79EFBC}") = "Journeys.Application", "Journeys.Application\Journeys.Application.csproj", "{B1099AF8-A5C9-471D-82CE-0CE1057ADAEE}"
EndProject
Project("{FAE04EC0-301F-11D3-BF4B-00C04F79EFBC}") = "Journeys.Data", "Journeys.Data\Journeys.Data.csproj", "{9A28BB83-9F0E-4C19-8A18-16AD5D5B0337}"
EndProject
Project("{FAE04EC0-301F-11D3-BF4B-00C04F79EFBC}") = "Journeys.Client.Wpf", "Journeys.Client.Wpf\Journeys.Client.Wpf.csproj", "{A4B175A2-82CE-4C15-B34C-644F7B188630}"
EndProject
Project("{FAE04EC0-301F-11D3-BF4B-00C04F79EFBC}") = "Journeys.Eventing", "Journeys.Eventing\Journeys.Eventing.csproj", "{E68B1DA3-099B-4FC3-8FC8-609518BC7937}"
EndProject
Project("{FAE04EC0-301F-11D3-BF4B-00C04F79EFBC}") = "Journeys.Transactions", "Journeys.Transactions\Journeys.Transactions.csproj", "{BCA0F43E-73C4-4697-8AB4-DC7C6D3FE691}"
EndProject
Global
	GlobalSection(SolutionConfigurationPlatforms) = preSolution
		Debug|Any CPU = Debug|Any CPU
		Release|Any CPU = Release|Any CPU
	EndGlobalSection
	GlobalSection(ProjectConfigurationPlatforms) = postSolution
		{7BA6E88B-4158-462A-9394-EC312D67306A}.Debug|Any CPU.ActiveCfg = Debug|Any CPU
		{7BA6E88B-4158-462A-9394-EC312D67306A}.Debug|Any CPU.Build.0 = Debug|Any CPU
		{7BA6E88B-4158-462A-9394-EC312D67306A}.Release|Any CPU.ActiveCfg = Release|Any CPU
		{7BA6E88B-4158-462A-9394-EC312D67306A}.Release|Any CPU.Build.0 = Release|Any CPU
		{0867E115-6B32-4CE5-8091-9DF005C088EF}.Debug|Any CPU.ActiveCfg = Debug|Any CPU
		{0867E115-6B32-4CE5-8091-9DF005C088EF}.Debug|Any CPU.Build.0 = Debug|Any CPU
		{0867E115-6B32-4CE5-8091-9DF005C088EF}.Release|Any CPU.ActiveCfg = Release|Any CPU
		{0867E115-6B32-4CE5-8091-9DF005C088EF}.Release|Any CPU.Build.0 = Release|Any CPU
		{B1099AF8-A5C9-471D-82CE-0CE1057ADAEE}.Debug|Any CPU.ActiveCfg = Debug|Any CPU
		{B1099AF8-A5C9-471D-82CE-0CE1057ADAEE}.Debug|Any CPU.Build.0 = Debug|Any CPU
		{B1099AF8-A5C9-471D-82CE-0CE1057ADAEE}.Release|Any CPU.ActiveCfg = Release|Any CPU
		{B1099AF8-A5C9-471D-82CE-0CE1057ADAEE}.Release|Any CPU.Build.0 = Release|Any CPU
		{9A28BB83-9F0E-4C19-8A18-16AD5D5B0337}.Debug|Any CPU.ActiveCfg = Debug|Any CPU
		{9A28BB83-9F0E-4C19-8A18-16AD5D5B0337}.Debug|Any CPU.Build.0 = Debug|Any CPU
		{9A28BB83-9F0E-4C19-8A18-16AD5D5B0337}.Release|Any CPU.ActiveCfg = Release|Any CPU
		{9A28BB83-9F0E-4C19-8A18-16AD5D5B0337}.Release|Any CPU.Build.0 = Release|Any CPU
		{A4B175A2-82CE-4C15-B34C-644F7B188630}.Debug|Any CPU.ActiveCfg = Debug|Any CPU
		{A4B175A2-82CE-4C15-B34C-644F7B188630}.Debug|Any CPU.Build.0 = Debug|Any CPU
		{A4B175A2-82CE-4C15-B34C-644F7B188630}.Release|Any CPU.ActiveCfg = Release|Any CPU
		{A4B175A2-82CE-4C15-B34C-644F7B188630}.Release|Any CPU.Build.0 = Release|Any CPU
		{E68B1DA3-099B-4FC3-8FC8-609518BC7937}.Debug|Any CPU.ActiveCfg = Debug|Any CPU
		{E68B1DA3-099B-4FC3-8FC8-609518BC7937}.Debug|Any CPU.Build.0 = Debug|Any CPU
		{E68B1DA3-099B-4FC3-8FC8-609518BC7937}.Release|Any CPU.ActiveCfg = Release|Any CPU
		{E68B1DA3-099B-4FC3-8FC8-609518BC7937}.Release|Any CPU.Build.0 = Release|Any CPU
		{BCA0F43E-73C4-4697-8AB4-DC7C6D3FE691}.Debug|Any CPU.ActiveCfg = Debug|Any CPU
		{BCA0F43E-73C4-4697-8AB4-DC7C6D3FE691}.Debug|Any CPU.Build.0 = Debug|Any CPU
		{BCA0F43E-73C4-4697-8AB4-DC7C6D3FE691}.Release|Any CPU.ActiveCfg = Release|Any CPU
		{BCA0F43E-73C4-4697-8AB4-DC7C6D3FE691}.Release|Any CPU.Build.0 = Release|Any CPU
	EndGlobalSection
	GlobalSection(SolutionProperties) = preSolution
		HideSolutionNode = FALSE
	EndGlobalSection
EndGlobal
