
Microsoft Visual Studio Solution File, Format Version 12.00
# Visual Studio 14
VisualStudioVersion = 14.0.21730.1
MinimumVisualStudioVersion = 10.0.40219.1
Project("{FAE04EC0-301F-11D3-BF4B-00C04F79EFBC}") = "Journeys.Domain.Test.Infrastructure", "Journeys.Domain.Test.Infrastructure\Journeys.Domain.Test.Infrastructure.csproj", "{0867E115-6B32-4CE5-8091-9DF005C088EF}"
EndProject
Project("{FAE04EC0-301F-11D3-BF4B-00C04F79EFBC}") = "Journeys.Query", "Journeys.Query\Journeys.Query.csproj", "{9A28BB83-9F0E-4C19-8A18-16AD5D5B0337}"
EndProject
Project("{FAE04EC0-301F-11D3-BF4B-00C04F79EFBC}") = "Journeys.Client.Wpf", "Journeys.Client.Wpf\Journeys.Client.Wpf.csproj", "{A4B175A2-82CE-4C15-B34C-644F7B188630}"
EndProject
Project("{FAE04EC0-301F-11D3-BF4B-00C04F79EFBC}") = "Journeys.Data.Commands", "Journeys.Data.Commands\Journeys.Data.Commands.csproj", "{5246E520-B190-404E-AA73-9753E37A9F4C}"
EndProject
Project("{FAE04EC0-301F-11D3-BF4B-00C04F79EFBC}") = "Journeys.Data.Events", "Journeys.Data.Events\Journeys.Data.Events.csproj", "{8C86DB44-A073-4D6D-8081-CC0B5101030B}"
EndProject
Project("{FAE04EC0-301F-11D3-BF4B-00C04F79EFBC}") = "Journeys.Data.Queries", "Journeys.Data.Queries\Journeys.Data.Queries.csproj", "{0DA05E1A-7A66-47EE-8B74-A0FB429FE97E}"
EndProject
Project("{2150E333-8FDC-42A3-9474-1A3956D46DE8}") = "Data", "Data", "{BE9BBA8A-99C5-4F3B-8C04-50A2C3017EAF}"
EndProject
Project("{2150E333-8FDC-42A3-9474-1A3956D46DE8}") = "Application", "Application", "{3B61B7BF-A84E-4843-96CD-752AC4FA4873}"
EndProject
Project("{FAE04EC0-301F-11D3-BF4B-00C04F79EFBC}") = "Journeys.Adapters", "Journeys.Adapters\Journeys.Adapters.csproj", "{84BDB2FA-A16E-4F70-92EF-7CCED94A3405}"
EndProject
Project("{FAE04EC0-301F-11D3-BF4B-00C04F79EFBC}") = "Journeys.Client", "Journeys.Client\Journeys.Client.csproj", "{0D9E8956-7698-4B39-9D27-08F38A87E524}"
EndProject
Project("{FAE04EC0-301F-11D3-BF4B-00C04F79EFBC}") = "Journeys.Domain.Infrastructure", "Journeys.Domain.Infrastructure\Journeys.Domain.Infrastructure.csproj", "{C83EA12C-2495-4B03-9C0A-1D2795A33F3E}"
EndProject
Project("{FAE04EC0-301F-11D3-BF4B-00C04F79EFBC}") = "Journeys.Domain.Journeys", "Journeys.Domain.Journeys\Journeys.Domain.Journeys.csproj", "{FE7E30D7-96D8-4469-AC10-D780A62659AF}"
EndProject
Project("{2150E333-8FDC-42A3-9474-1A3956D46DE8}") = "Domain", "Domain", "{9B8FA184-8E63-4E11-9E0C-C370B07E9096}"
EndProject
Project("{FAE04EC0-301F-11D3-BF4B-00C04F79EFBC}") = "Journeys.Domain.People", "Journeys.Domain.People\Journeys.Domain.People.csproj", "{30B2309F-655F-442F-9210-2A38A8B80949}"
EndProject
Project("{FAE04EC0-301F-11D3-BF4B-00C04F79EFBC}") = "Journeys.Application", "Journeys.Application\Journeys.Application.csproj", "{4257BA76-4CEE-47BA-BA0E-AB5F07094AE3}"
EndProject
Project("{FAE04EC0-301F-11D3-BF4B-00C04F79EFBC}") = "Journeys.Domain.Journeys.Test", "Journeys.Domain.Journeys.Test\Journeys.Domain.Journeys.Test.csproj", "{3C1183F7-C94B-4E6A-8487-0D39D52E1F57}"
EndProject
Project("{FAE04EC0-301F-11D3-BF4B-00C04F79EFBC}") = "Journeys.Domain.People.Test", "Journeys.Domain.People.Test\Journeys.Domain.People.Test.csproj", "{30ED4C1B-CC00-418B-A8BC-E1C916D3D3C7}"
EndProject
Project("{FAE04EC0-301F-11D3-BF4B-00C04F79EFBC}") = "Journeys.Domain.Expenses", "Journeys.Domain.Expenses\Journeys.Domain.Expenses.csproj", "{32EE131B-7831-4F51-B349-921AEBEFF896}"
EndProject
Project("{FAE04EC0-301F-11D3-BF4B-00C04F79EFBC}") = "Journeys.Domain.Expenses.Test", "Journeys.Domain.Expenses.Test\Journeys.Domain.Expenses.Test.csproj", "{1863C2F1-A11C-4C1F-A079-A9A27D755193}"
EndProject
Project("{FAE04EC0-301F-11D3-BF4B-00C04F79EFBC}") = "Journeys.Service", "Journeys.Service\Journeys.Service.csproj", "{3AEB7039-C984-4CFE-9143-DD443962E927}"
EndProject
Project("{2150E333-8FDC-42A3-9474-1A3956D46DE8}") = ".nuget", ".nuget", "{A9654D1E-8C4D-4CBC-9D3B-FE16FAEBE84D}"
	ProjectSection(SolutionItems) = preProject
		.nuget\NuGet.Config = .nuget\NuGet.Config
		.nuget\NuGet.exe = .nuget\NuGet.exe
		.nuget\NuGet.targets = .nuget\NuGet.targets
	EndProjectSection
EndProject
Project("{FAE04EC0-301F-11D3-BF4B-00C04F79EFBC}") = "Journeys.Service.Client", "Journeys.Service.Client\Journeys.Service.Client.csproj", "{74C4EE16-E0A0-45A9-A20A-47C17A60DD16}"
EndProject
Project("{FAE04EC0-301F-11D3-BF4B-00C04F79EFBC}") = "Journeys.Client.Web", "Journeys.Client.Web\Journeys.Client.Web.csproj", "{7D508A34-5C1A-48AA-A916-6C3EA88C163B}"
EndProject
Global
	GlobalSection(SolutionConfigurationPlatforms) = preSolution
		Debug|Any CPU = Debug|Any CPU
		Release|Any CPU = Release|Any CPU
	EndGlobalSection
	GlobalSection(ProjectConfigurationPlatforms) = postSolution
		{0867E115-6B32-4CE5-8091-9DF005C088EF}.Debug|Any CPU.ActiveCfg = Debug|Any CPU
		{0867E115-6B32-4CE5-8091-9DF005C088EF}.Debug|Any CPU.Build.0 = Debug|Any CPU
		{0867E115-6B32-4CE5-8091-9DF005C088EF}.Release|Any CPU.ActiveCfg = Release|Any CPU
		{0867E115-6B32-4CE5-8091-9DF005C088EF}.Release|Any CPU.Build.0 = Release|Any CPU
		{9A28BB83-9F0E-4C19-8A18-16AD5D5B0337}.Debug|Any CPU.ActiveCfg = Debug|Any CPU
		{9A28BB83-9F0E-4C19-8A18-16AD5D5B0337}.Debug|Any CPU.Build.0 = Debug|Any CPU
		{9A28BB83-9F0E-4C19-8A18-16AD5D5B0337}.Release|Any CPU.ActiveCfg = Release|Any CPU
		{9A28BB83-9F0E-4C19-8A18-16AD5D5B0337}.Release|Any CPU.Build.0 = Release|Any CPU
		{A4B175A2-82CE-4C15-B34C-644F7B188630}.Debug|Any CPU.ActiveCfg = Debug|Any CPU
		{A4B175A2-82CE-4C15-B34C-644F7B188630}.Debug|Any CPU.Build.0 = Debug|Any CPU
		{A4B175A2-82CE-4C15-B34C-644F7B188630}.Release|Any CPU.ActiveCfg = Release|Any CPU
		{A4B175A2-82CE-4C15-B34C-644F7B188630}.Release|Any CPU.Build.0 = Release|Any CPU
		{5246E520-B190-404E-AA73-9753E37A9F4C}.Debug|Any CPU.ActiveCfg = Debug|Any CPU
		{5246E520-B190-404E-AA73-9753E37A9F4C}.Debug|Any CPU.Build.0 = Debug|Any CPU
		{5246E520-B190-404E-AA73-9753E37A9F4C}.Release|Any CPU.ActiveCfg = Release|Any CPU
		{5246E520-B190-404E-AA73-9753E37A9F4C}.Release|Any CPU.Build.0 = Release|Any CPU
		{8C86DB44-A073-4D6D-8081-CC0B5101030B}.Debug|Any CPU.ActiveCfg = Debug|Any CPU
		{8C86DB44-A073-4D6D-8081-CC0B5101030B}.Debug|Any CPU.Build.0 = Debug|Any CPU
		{8C86DB44-A073-4D6D-8081-CC0B5101030B}.Release|Any CPU.ActiveCfg = Release|Any CPU
		{8C86DB44-A073-4D6D-8081-CC0B5101030B}.Release|Any CPU.Build.0 = Release|Any CPU
		{0DA05E1A-7A66-47EE-8B74-A0FB429FE97E}.Debug|Any CPU.ActiveCfg = Debug|Any CPU
		{0DA05E1A-7A66-47EE-8B74-A0FB429FE97E}.Debug|Any CPU.Build.0 = Debug|Any CPU
		{0DA05E1A-7A66-47EE-8B74-A0FB429FE97E}.Release|Any CPU.ActiveCfg = Release|Any CPU
		{0DA05E1A-7A66-47EE-8B74-A0FB429FE97E}.Release|Any CPU.Build.0 = Release|Any CPU
		{84BDB2FA-A16E-4F70-92EF-7CCED94A3405}.Debug|Any CPU.ActiveCfg = Debug|Any CPU
		{84BDB2FA-A16E-4F70-92EF-7CCED94A3405}.Debug|Any CPU.Build.0 = Debug|Any CPU
		{84BDB2FA-A16E-4F70-92EF-7CCED94A3405}.Release|Any CPU.ActiveCfg = Release|Any CPU
		{84BDB2FA-A16E-4F70-92EF-7CCED94A3405}.Release|Any CPU.Build.0 = Release|Any CPU
		{0D9E8956-7698-4B39-9D27-08F38A87E524}.Debug|Any CPU.ActiveCfg = Debug|Any CPU
		{0D9E8956-7698-4B39-9D27-08F38A87E524}.Debug|Any CPU.Build.0 = Debug|Any CPU
		{0D9E8956-7698-4B39-9D27-08F38A87E524}.Release|Any CPU.ActiveCfg = Release|Any CPU
		{0D9E8956-7698-4B39-9D27-08F38A87E524}.Release|Any CPU.Build.0 = Release|Any CPU
		{C83EA12C-2495-4B03-9C0A-1D2795A33F3E}.Debug|Any CPU.ActiveCfg = Debug|Any CPU
		{C83EA12C-2495-4B03-9C0A-1D2795A33F3E}.Debug|Any CPU.Build.0 = Debug|Any CPU
		{C83EA12C-2495-4B03-9C0A-1D2795A33F3E}.Release|Any CPU.ActiveCfg = Release|Any CPU
		{C83EA12C-2495-4B03-9C0A-1D2795A33F3E}.Release|Any CPU.Build.0 = Release|Any CPU
		{FE7E30D7-96D8-4469-AC10-D780A62659AF}.Debug|Any CPU.ActiveCfg = Debug|Any CPU
		{FE7E30D7-96D8-4469-AC10-D780A62659AF}.Debug|Any CPU.Build.0 = Debug|Any CPU
		{FE7E30D7-96D8-4469-AC10-D780A62659AF}.Release|Any CPU.ActiveCfg = Release|Any CPU
		{FE7E30D7-96D8-4469-AC10-D780A62659AF}.Release|Any CPU.Build.0 = Release|Any CPU
		{30B2309F-655F-442F-9210-2A38A8B80949}.Debug|Any CPU.ActiveCfg = Debug|Any CPU
		{30B2309F-655F-442F-9210-2A38A8B80949}.Debug|Any CPU.Build.0 = Debug|Any CPU
		{30B2309F-655F-442F-9210-2A38A8B80949}.Release|Any CPU.ActiveCfg = Release|Any CPU
		{30B2309F-655F-442F-9210-2A38A8B80949}.Release|Any CPU.Build.0 = Release|Any CPU
		{4257BA76-4CEE-47BA-BA0E-AB5F07094AE3}.Debug|Any CPU.ActiveCfg = Debug|Any CPU
		{4257BA76-4CEE-47BA-BA0E-AB5F07094AE3}.Debug|Any CPU.Build.0 = Debug|Any CPU
		{4257BA76-4CEE-47BA-BA0E-AB5F07094AE3}.Release|Any CPU.ActiveCfg = Release|Any CPU
		{4257BA76-4CEE-47BA-BA0E-AB5F07094AE3}.Release|Any CPU.Build.0 = Release|Any CPU
		{3C1183F7-C94B-4E6A-8487-0D39D52E1F57}.Debug|Any CPU.ActiveCfg = Debug|Any CPU
		{3C1183F7-C94B-4E6A-8487-0D39D52E1F57}.Debug|Any CPU.Build.0 = Debug|Any CPU
		{3C1183F7-C94B-4E6A-8487-0D39D52E1F57}.Release|Any CPU.ActiveCfg = Release|Any CPU
		{3C1183F7-C94B-4E6A-8487-0D39D52E1F57}.Release|Any CPU.Build.0 = Release|Any CPU
		{30ED4C1B-CC00-418B-A8BC-E1C916D3D3C7}.Debug|Any CPU.ActiveCfg = Debug|Any CPU
		{30ED4C1B-CC00-418B-A8BC-E1C916D3D3C7}.Debug|Any CPU.Build.0 = Debug|Any CPU
		{30ED4C1B-CC00-418B-A8BC-E1C916D3D3C7}.Release|Any CPU.ActiveCfg = Release|Any CPU
		{30ED4C1B-CC00-418B-A8BC-E1C916D3D3C7}.Release|Any CPU.Build.0 = Release|Any CPU
		{32EE131B-7831-4F51-B349-921AEBEFF896}.Debug|Any CPU.ActiveCfg = Debug|Any CPU
		{32EE131B-7831-4F51-B349-921AEBEFF896}.Debug|Any CPU.Build.0 = Debug|Any CPU
		{32EE131B-7831-4F51-B349-921AEBEFF896}.Release|Any CPU.ActiveCfg = Release|Any CPU
		{32EE131B-7831-4F51-B349-921AEBEFF896}.Release|Any CPU.Build.0 = Release|Any CPU
		{1863C2F1-A11C-4C1F-A079-A9A27D755193}.Debug|Any CPU.ActiveCfg = Debug|Any CPU
		{1863C2F1-A11C-4C1F-A079-A9A27D755193}.Debug|Any CPU.Build.0 = Debug|Any CPU
		{1863C2F1-A11C-4C1F-A079-A9A27D755193}.Release|Any CPU.ActiveCfg = Release|Any CPU
		{1863C2F1-A11C-4C1F-A079-A9A27D755193}.Release|Any CPU.Build.0 = Release|Any CPU
		{3AEB7039-C984-4CFE-9143-DD443962E927}.Debug|Any CPU.ActiveCfg = Debug|Any CPU
		{3AEB7039-C984-4CFE-9143-DD443962E927}.Debug|Any CPU.Build.0 = Debug|Any CPU
		{3AEB7039-C984-4CFE-9143-DD443962E927}.Release|Any CPU.ActiveCfg = Release|Any CPU
		{3AEB7039-C984-4CFE-9143-DD443962E927}.Release|Any CPU.Build.0 = Release|Any CPU
		{74C4EE16-E0A0-45A9-A20A-47C17A60DD16}.Debug|Any CPU.ActiveCfg = Debug|Any CPU
		{74C4EE16-E0A0-45A9-A20A-47C17A60DD16}.Debug|Any CPU.Build.0 = Debug|Any CPU
		{74C4EE16-E0A0-45A9-A20A-47C17A60DD16}.Release|Any CPU.ActiveCfg = Release|Any CPU
		{74C4EE16-E0A0-45A9-A20A-47C17A60DD16}.Release|Any CPU.Build.0 = Release|Any CPU
		{7D508A34-5C1A-48AA-A916-6C3EA88C163B}.Debug|Any CPU.ActiveCfg = Debug|Any CPU
		{7D508A34-5C1A-48AA-A916-6C3EA88C163B}.Debug|Any CPU.Build.0 = Debug|Any CPU
		{7D508A34-5C1A-48AA-A916-6C3EA88C163B}.Release|Any CPU.ActiveCfg = Release|Any CPU
		{7D508A34-5C1A-48AA-A916-6C3EA88C163B}.Release|Any CPU.Build.0 = Release|Any CPU
	EndGlobalSection
	GlobalSection(SolutionProperties) = preSolution
		HideSolutionNode = FALSE
	EndGlobalSection
	GlobalSection(NestedProjects) = preSolution
		{0867E115-6B32-4CE5-8091-9DF005C088EF} = {9B8FA184-8E63-4E11-9E0C-C370B07E9096}
		{9A28BB83-9F0E-4C19-8A18-16AD5D5B0337} = {3B61B7BF-A84E-4843-96CD-752AC4FA4873}
		{A4B175A2-82CE-4C15-B34C-644F7B188630} = {3B61B7BF-A84E-4843-96CD-752AC4FA4873}
		{5246E520-B190-404E-AA73-9753E37A9F4C} = {BE9BBA8A-99C5-4F3B-8C04-50A2C3017EAF}
		{8C86DB44-A073-4D6D-8081-CC0B5101030B} = {BE9BBA8A-99C5-4F3B-8C04-50A2C3017EAF}
		{0DA05E1A-7A66-47EE-8B74-A0FB429FE97E} = {BE9BBA8A-99C5-4F3B-8C04-50A2C3017EAF}
		{84BDB2FA-A16E-4F70-92EF-7CCED94A3405} = {3B61B7BF-A84E-4843-96CD-752AC4FA4873}
		{0D9E8956-7698-4B39-9D27-08F38A87E524} = {3B61B7BF-A84E-4843-96CD-752AC4FA4873}
		{C83EA12C-2495-4B03-9C0A-1D2795A33F3E} = {9B8FA184-8E63-4E11-9E0C-C370B07E9096}
		{FE7E30D7-96D8-4469-AC10-D780A62659AF} = {9B8FA184-8E63-4E11-9E0C-C370B07E9096}
		{30B2309F-655F-442F-9210-2A38A8B80949} = {9B8FA184-8E63-4E11-9E0C-C370B07E9096}
		{4257BA76-4CEE-47BA-BA0E-AB5F07094AE3} = {3B61B7BF-A84E-4843-96CD-752AC4FA4873}
		{3C1183F7-C94B-4E6A-8487-0D39D52E1F57} = {9B8FA184-8E63-4E11-9E0C-C370B07E9096}
		{30ED4C1B-CC00-418B-A8BC-E1C916D3D3C7} = {9B8FA184-8E63-4E11-9E0C-C370B07E9096}
		{32EE131B-7831-4F51-B349-921AEBEFF896} = {9B8FA184-8E63-4E11-9E0C-C370B07E9096}
		{1863C2F1-A11C-4C1F-A079-A9A27D755193} = {9B8FA184-8E63-4E11-9E0C-C370B07E9096}
		{3AEB7039-C984-4CFE-9143-DD443962E927} = {3B61B7BF-A84E-4843-96CD-752AC4FA4873}
		{74C4EE16-E0A0-45A9-A20A-47C17A60DD16} = {3B61B7BF-A84E-4843-96CD-752AC4FA4873}
		{7D508A34-5C1A-48AA-A916-6C3EA88C163B} = {3B61B7BF-A84E-4843-96CD-752AC4FA4873}
	EndGlobalSection
EndGlobal
