
Microsoft Visual Studio Solution File, Format Version 12.00
# Visual Studio 15
VisualStudioVersion = 15.0.26228.12
MinimumVisualStudioVersion = 10.0.40219.1
Project("{9A19103F-16F7-4668-BE54-9A1E7A4F7556}") = "Mors.Journeys.Domain.Test.Infrastructure", "Mors.Journeys.Domain.Test.Infrastructure\Mors.Journeys.Domain.Test.Infrastructure.csproj", "{0867E115-6B32-4CE5-8091-9DF005C088EF}"
EndProject
Project("{9A19103F-16F7-4668-BE54-9A1E7A4F7556}") = "Mors.Journeys.Application.Client.Wpf", "Mors.Journeys.Application.Client.Wpf\Mors.Journeys.Application.Client.Wpf.csproj", "{A4B175A2-82CE-4C15-B34C-644F7B188630}"
EndProject
Project("{2150E333-8FDC-42A3-9474-1A3956D46DE8}") = "Data", "Data", "{BE9BBA8A-99C5-4F3B-8C04-50A2C3017EAF}"
EndProject
Project("{2150E333-8FDC-42A3-9474-1A3956D46DE8}") = "Application", "Application", "{3B61B7BF-A84E-4843-96CD-752AC4FA4873}"
EndProject
Project("{9A19103F-16F7-4668-BE54-9A1E7A4F7556}") = "Mors.Journeys.Domain.Infrastructure", "Mors.Journeys.Domain.Infrastructure\Mors.Journeys.Domain.Infrastructure.csproj", "{C83EA12C-2495-4B03-9C0A-1D2795A33F3E}"
EndProject
Project("{9A19103F-16F7-4668-BE54-9A1E7A4F7556}") = "Mors.Journeys.Domain.Journeys", "Mors.Journeys.Domain.Journeys\Mors.Journeys.Domain.Journeys.csproj", "{FE7E30D7-96D8-4469-AC10-D780A62659AF}"
EndProject
Project("{2150E333-8FDC-42A3-9474-1A3956D46DE8}") = "Domain", "Domain", "{9B8FA184-8E63-4E11-9E0C-C370B07E9096}"
EndProject
Project("{9A19103F-16F7-4668-BE54-9A1E7A4F7556}") = "Mors.Journeys.Domain.People", "Mors.Journeys.Domain.People\Mors.Journeys.Domain.People.csproj", "{30B2309F-655F-442F-9210-2A38A8B80949}"
EndProject
Project("{9A19103F-16F7-4668-BE54-9A1E7A4F7556}") = "Mors.Journeys.Application", "Mors.Journeys.Application\Mors.Journeys.Application.csproj", "{4257BA76-4CEE-47BA-BA0E-AB5F07094AE3}"
EndProject
Project("{9A19103F-16F7-4668-BE54-9A1E7A4F7556}") = "Mors.Journeys.Domain.Journeys.Test", "Mors.Journeys.Domain.Journeys.Test\Mors.Journeys.Domain.Journeys.Test.csproj", "{3C1183F7-C94B-4E6A-8487-0D39D52E1F57}"
EndProject
Project("{9A19103F-16F7-4668-BE54-9A1E7A4F7556}") = "Mors.Journeys.Domain.People.Test", "Mors.Journeys.Domain.People.Test\Mors.Journeys.Domain.People.Test.csproj", "{30ED4C1B-CC00-418B-A8BC-E1C916D3D3C7}"
EndProject
Project("{9A19103F-16F7-4668-BE54-9A1E7A4F7556}") = "Mors.Journeys.Domain.Expenses", "Mors.Journeys.Domain.Expenses\Mors.Journeys.Domain.Expenses.csproj", "{32EE131B-7831-4F51-B349-921AEBEFF896}"
EndProject
Project("{9A19103F-16F7-4668-BE54-9A1E7A4F7556}") = "Mors.Journeys.Domain.Expenses.Test", "Mors.Journeys.Domain.Expenses.Test\Mors.Journeys.Domain.Expenses.Test.csproj", "{1863C2F1-A11C-4C1F-A079-A9A27D755193}"
EndProject
Project("{9A19103F-16F7-4668-BE54-9A1E7A4F7556}") = "Mors.Journeys.Application.Client.Web", "Mors.Journeys.Application.Client.Web\Mors.Journeys.Application.Client.Web.csproj", "{7D508A34-5C1A-48AA-A916-6C3EA88C163B}"
EndProject
Project("{9A19103F-16F7-4668-BE54-9A1E7A4F7556}") = "Mors.Journeys.Data", "Mors.Journeys.Data\Mors.Journeys.Data.csproj", "{939C3E3F-9717-4D00-8553-634E17881943}"
EndProject
Global
	GlobalSection(SolutionConfigurationPlatforms) = preSolution
		Debug|Any CPU = Debug|Any CPU
		Release|Any CPU = Release|Any CPU
	EndGlobalSection
	GlobalSection(ProjectConfigurationPlatforms) = postSolution
		{0867E115-6B32-4CE5-8091-9DF005C088EF}.Debug|Any CPU.ActiveCfg = Debug|Any CPU
		{0867E115-6B32-4CE5-8091-9DF005C088EF}.Debug|Any CPU.Build.0 = Debug|Any CPU
		{0867E115-6B32-4CE5-8091-9DF005C088EF}.Release|Any CPU.ActiveCfg = Release|Any CPU
		{0867E115-6B32-4CE5-8091-9DF005C088EF}.Release|Any CPU.Build.0 = Release|Any CPU
		{A4B175A2-82CE-4C15-B34C-644F7B188630}.Debug|Any CPU.ActiveCfg = Debug|Any CPU
		{A4B175A2-82CE-4C15-B34C-644F7B188630}.Debug|Any CPU.Build.0 = Debug|Any CPU
		{A4B175A2-82CE-4C15-B34C-644F7B188630}.Release|Any CPU.ActiveCfg = Release|Any CPU
		{A4B175A2-82CE-4C15-B34C-644F7B188630}.Release|Any CPU.Build.0 = Release|Any CPU
		{C83EA12C-2495-4B03-9C0A-1D2795A33F3E}.Debug|Any CPU.ActiveCfg = Debug|Any CPU
		{C83EA12C-2495-4B03-9C0A-1D2795A33F3E}.Debug|Any CPU.Build.0 = Debug|Any CPU
		{C83EA12C-2495-4B03-9C0A-1D2795A33F3E}.Release|Any CPU.ActiveCfg = Release|Any CPU
		{C83EA12C-2495-4B03-9C0A-1D2795A33F3E}.Release|Any CPU.Build.0 = Release|Any CPU
		{FE7E30D7-96D8-4469-AC10-D780A62659AF}.Debug|Any CPU.ActiveCfg = Debug|Any CPU
		{FE7E30D7-96D8-4469-AC10-D780A62659AF}.Debug|Any CPU.Build.0 = Debug|Any CPU
		{FE7E30D7-96D8-4469-AC10-D780A62659AF}.Release|Any CPU.ActiveCfg = Release|Any CPU
		{FE7E30D7-96D8-4469-AC10-D780A62659AF}.Release|Any CPU.Build.0 = Release|Any CPU
		{30B2309F-655F-442F-9210-2A38A8B80949}.Debug|Any CPU.ActiveCfg = Debug|Any CPU
		{30B2309F-655F-442F-9210-2A38A8B80949}.Debug|Any CPU.Build.0 = Debug|Any CPU
		{30B2309F-655F-442F-9210-2A38A8B80949}.Release|Any CPU.ActiveCfg = Release|Any CPU
		{30B2309F-655F-442F-9210-2A38A8B80949}.Release|Any CPU.Build.0 = Release|Any CPU
		{4257BA76-4CEE-47BA-BA0E-AB5F07094AE3}.Debug|Any CPU.ActiveCfg = Debug|Any CPU
		{4257BA76-4CEE-47BA-BA0E-AB5F07094AE3}.Debug|Any CPU.Build.0 = Debug|Any CPU
		{4257BA76-4CEE-47BA-BA0E-AB5F07094AE3}.Release|Any CPU.ActiveCfg = Release|Any CPU
		{4257BA76-4CEE-47BA-BA0E-AB5F07094AE3}.Release|Any CPU.Build.0 = Release|Any CPU
		{3C1183F7-C94B-4E6A-8487-0D39D52E1F57}.Debug|Any CPU.ActiveCfg = Debug|Any CPU
		{3C1183F7-C94B-4E6A-8487-0D39D52E1F57}.Debug|Any CPU.Build.0 = Debug|Any CPU
		{3C1183F7-C94B-4E6A-8487-0D39D52E1F57}.Release|Any CPU.ActiveCfg = Release|Any CPU
		{3C1183F7-C94B-4E6A-8487-0D39D52E1F57}.Release|Any CPU.Build.0 = Release|Any CPU
		{30ED4C1B-CC00-418B-A8BC-E1C916D3D3C7}.Debug|Any CPU.ActiveCfg = Debug|Any CPU
		{30ED4C1B-CC00-418B-A8BC-E1C916D3D3C7}.Debug|Any CPU.Build.0 = Debug|Any CPU
		{30ED4C1B-CC00-418B-A8BC-E1C916D3D3C7}.Release|Any CPU.ActiveCfg = Release|Any CPU
		{30ED4C1B-CC00-418B-A8BC-E1C916D3D3C7}.Release|Any CPU.Build.0 = Release|Any CPU
		{32EE131B-7831-4F51-B349-921AEBEFF896}.Debug|Any CPU.ActiveCfg = Debug|Any CPU
		{32EE131B-7831-4F51-B349-921AEBEFF896}.Debug|Any CPU.Build.0 = Debug|Any CPU
		{32EE131B-7831-4F51-B349-921AEBEFF896}.Release|Any CPU.ActiveCfg = Release|Any CPU
		{32EE131B-7831-4F51-B349-921AEBEFF896}.Release|Any CPU.Build.0 = Release|Any CPU
		{1863C2F1-A11C-4C1F-A079-A9A27D755193}.Debug|Any CPU.ActiveCfg = Debug|Any CPU
		{1863C2F1-A11C-4C1F-A079-A9A27D755193}.Debug|Any CPU.Build.0 = Debug|Any CPU
		{1863C2F1-A11C-4C1F-A079-A9A27D755193}.Release|Any CPU.ActiveCfg = Release|Any CPU
		{1863C2F1-A11C-4C1F-A079-A9A27D755193}.Release|Any CPU.Build.0 = Release|Any CPU
		{7D508A34-5C1A-48AA-A916-6C3EA88C163B}.Debug|Any CPU.ActiveCfg = Debug|Any CPU
		{7D508A34-5C1A-48AA-A916-6C3EA88C163B}.Debug|Any CPU.Build.0 = Debug|Any CPU
		{7D508A34-5C1A-48AA-A916-6C3EA88C163B}.Release|Any CPU.ActiveCfg = Release|Any CPU
		{7D508A34-5C1A-48AA-A916-6C3EA88C163B}.Release|Any CPU.Build.0 = Release|Any CPU
		{939C3E3F-9717-4D00-8553-634E17881943}.Debug|Any CPU.ActiveCfg = Debug|Any CPU
		{939C3E3F-9717-4D00-8553-634E17881943}.Debug|Any CPU.Build.0 = Debug|Any CPU
		{939C3E3F-9717-4D00-8553-634E17881943}.Release|Any CPU.ActiveCfg = Release|Any CPU
		{939C3E3F-9717-4D00-8553-634E17881943}.Release|Any CPU.Build.0 = Release|Any CPU
	EndGlobalSection
	GlobalSection(SolutionProperties) = preSolution
		HideSolutionNode = FALSE
	EndGlobalSection
	GlobalSection(NestedProjects) = preSolution
		{0867E115-6B32-4CE5-8091-9DF005C088EF} = {9B8FA184-8E63-4E11-9E0C-C370B07E9096}
		{A4B175A2-82CE-4C15-B34C-644F7B188630} = {3B61B7BF-A84E-4843-96CD-752AC4FA4873}
		{C83EA12C-2495-4B03-9C0A-1D2795A33F3E} = {9B8FA184-8E63-4E11-9E0C-C370B07E9096}
		{FE7E30D7-96D8-4469-AC10-D780A62659AF} = {9B8FA184-8E63-4E11-9E0C-C370B07E9096}
		{30B2309F-655F-442F-9210-2A38A8B80949} = {9B8FA184-8E63-4E11-9E0C-C370B07E9096}
		{4257BA76-4CEE-47BA-BA0E-AB5F07094AE3} = {3B61B7BF-A84E-4843-96CD-752AC4FA4873}
		{3C1183F7-C94B-4E6A-8487-0D39D52E1F57} = {9B8FA184-8E63-4E11-9E0C-C370B07E9096}
		{30ED4C1B-CC00-418B-A8BC-E1C916D3D3C7} = {9B8FA184-8E63-4E11-9E0C-C370B07E9096}
		{32EE131B-7831-4F51-B349-921AEBEFF896} = {9B8FA184-8E63-4E11-9E0C-C370B07E9096}
		{1863C2F1-A11C-4C1F-A079-A9A27D755193} = {9B8FA184-8E63-4E11-9E0C-C370B07E9096}
		{7D508A34-5C1A-48AA-A916-6C3EA88C163B} = {3B61B7BF-A84E-4843-96CD-752AC4FA4873}
		{939C3E3F-9717-4D00-8553-634E17881943} = {BE9BBA8A-99C5-4F3B-8C04-50A2C3017EAF}
	EndGlobalSection
EndGlobal
